
Microsoft Visual Studio Solution File, Format Version 12.00
# Visual Studio Version 17
VisualStudioVersion = 17.9.34723.18
MinimumVisualStudioVersion = 10.0.40219.1
Project("{FAE04EC0-301F-11D3-BF4B-00C04F79EFBC}") = "Assignment2", "Assignment2.csproj", "{AEE32D5E-B839-4FB7-B6D0-8BFCA30B0CDC}"
EndProject
Global
	GlobalSection(SolutionConfigurationPlatforms) = preSolution
		Debug|Any CPU = Debug|Any CPU
		Release|Any CPU = Release|Any CPU
	EndGlobalSection
	GlobalSection(ProjectConfigurationPlatforms) = postSolution
		{AEE32D5E-B839-4FB7-B6D0-8BFCA30B0CDC}.Debug|Any CPU.ActiveCfg = Debug|Any CPU
		{AEE32D5E-B839-4FB7-B6D0-8BFCA30B0CDC}.Debug|Any CPU.Build.0 = Debug|Any CPU
		{AEE32D5E-B839-4FB7-B6D0-8BFCA30B0CDC}.Release|Any CPU.ActiveCfg = Release|Any CPU
		{AEE32D5E-B839-4FB7-B6D0-8BFCA30B0CDC}.Release|Any CPU.Build.0 = Release|Any CPU
	EndGlobalSection
	GlobalSection(SolutionProperties) = preSolution
		HideSolutionNode = FALSE
	EndGlobalSection
	GlobalSection(ExtensibilityGlobals) = postSolution
		SolutionGuid = {C68B9DAB-C0C7-4829-B267-B0B131872757}
	EndGlobalSection
EndGlobal
